<Solution>
  <Folder Name="/backend/">
    <Project Path="backend/OpenFlat.Api/OpenFlat.Api.csproj" />
    <Project Path="backend/OpenFlat.Shared/OpenFlat.Shared.csproj" />
  </Folder>
  <Folder Name="/backend/tests/">
    <Project Path="backend/tests/OpenFlat.Api.Tests/OpenFlat.Api.Tests.csproj" />
  </Folder>
  <Project Path="OpenFlat.AppHost/OpenFlat.AppHost.csproj" />
  <Project Path="OpenFlat.MigrationService/OpenFlat.MigrationService.csproj" />
  <Project Path="OpenFlat.ServiceDefaults/OpenFlat.ServiceDefaults.csproj" />
</Solution>
